
Microsoft Visual Studio Solution File, Format Version 10.00
# Visual Studio 2008
Project("{8BC9CEB8-8B4A-11D0-8D11-00A0C91BC942}") = "ChatServer", "project\ChatServer\ChatServer.vcproj", "{450D7C9E-91B1-4292-97F3-3F5B74DCBDAD}"
EndProject
Project("{8BC9CEB8-8B4A-11D0-8D11-00A0C91BC942}") = "ChatClient", "project\ChatClient\ChatClient.vcproj", "{FE3A8071-4F6A-470B-A9DB-C089CEF11459}"
EndProject
Global
	GlobalSection(SolutionConfigurationPlatforms) = preSolution
		Debug|Win32 = Debug|Win32
		Release|Win32 = Release|Win32
	EndGlobalSection
	GlobalSection(ProjectConfigurationPlatforms) = postSolution
		{450D7C9E-91B1-4292-97F3-3F5B74DCBDAD}.Debug|Win32.ActiveCfg = Debug|Win32
		{450D7C9E-91B1-4292-97F3-3F5B74DCBDAD}.Debug|Win32.Build.0 = Debug|Win32
		{450D7C9E-91B1-4292-97F3-3F5B74DCBDAD}.Release|Win32.ActiveCfg = Release|Win32
		{450D7C9E-91B1-4292-97F3-3F5B74DCBDAD}.Release|Win32.Build.0 = Release|Win32
		{FE3A8071-4F6A-470B-A9DB-C089CEF11459}.Debug|Win32.ActiveCfg = Debug|Win32
		{FE3A8071-4F6A-470B-A9DB-C089CEF11459}.Debug|Win32.Build.0 = Debug|Win32
		{FE3A8071-4F6A-470B-A9DB-C089CEF11459}.Release|Win32.ActiveCfg = Release|Win32
		{FE3A8071-4F6A-470B-A9DB-C089CEF11459}.Release|Win32.Build.0 = Release|Win32
	EndGlobalSection
	GlobalSection(SolutionProperties) = preSolution
		HideSolutionNode = FALSE
	EndGlobalSection
EndGlobal
