
Microsoft Visual Studio Solution File, Format Version 10.00
# Visual Studio 2008
Project("{8BC9CEB8-8B4A-11D0-8D11-00A0C91BC942}") = "test", "project\test\test.vcproj", "{3D10011F-40E6-45E1-9EF1-5266DE433780}"
EndProject
Global
	GlobalSection(SolutionConfigurationPlatforms) = preSolution
		Debug|Win32 = Debug|Win32
		Release|Win32 = Release|Win32
	EndGlobalSection
	GlobalSection(ProjectConfigurationPlatforms) = postSolution
		{3D10011F-40E6-45E1-9EF1-5266DE433780}.Debug|Win32.ActiveCfg = Debug|Win32
		{3D10011F-40E6-45E1-9EF1-5266DE433780}.Debug|Win32.Build.0 = Debug|Win32
		{3D10011F-40E6-45E1-9EF1-5266DE433780}.Release|Win32.ActiveCfg = Release|Win32
		{3D10011F-40E6-45E1-9EF1-5266DE433780}.Release|Win32.Build.0 = Release|Win32
	EndGlobalSection
	GlobalSection(SolutionProperties) = preSolution
		HideSolutionNode = FALSE
	EndGlobalSection
EndGlobal
