
Microsoft Visual Studio Solution File, Format Version 10.00
# Visual Studio 2008
Project("{8BC9CEB8-8B4A-11D0-8D11-00A0C91BC942}") = "Iterator", "Iterator\Iterator.vcproj", "{1ECBE740-D38A-4515-8C04-491E5DDA7AAA}"
EndProject
Global
	GlobalSection(SolutionConfigurationPlatforms) = preSolution
		Debug|Win32 = Debug|Win32
		Release|Win32 = Release|Win32
	EndGlobalSection
	GlobalSection(ProjectConfigurationPlatforms) = postSolution
		{1ECBE740-D38A-4515-8C04-491E5DDA7AAA}.Debug|Win32.ActiveCfg = Debug|Win32
		{1ECBE740-D38A-4515-8C04-491E5DDA7AAA}.Debug|Win32.Build.0 = Debug|Win32
		{1ECBE740-D38A-4515-8C04-491E5DDA7AAA}.Release|Win32.ActiveCfg = Release|Win32
		{1ECBE740-D38A-4515-8C04-491E5DDA7AAA}.Release|Win32.Build.0 = Release|Win32
	EndGlobalSection
	GlobalSection(SolutionProperties) = preSolution
		HideSolutionNode = FALSE
	EndGlobalSection
EndGlobal
